// !$*UTF8*$!
{
	archiveVersion = 1;
	classes = {
	};
	objectVersion = 50;
	objects = {

/* Begin PBXBuildFile section */
		DE7DD19F23ABD6D300853334 /* AppDelegate.swift in Sources */ = {isa = PBXBuildFile; fileRef = DE7DD19E23ABD6D300853334 /* AppDelegate.swift */; };
		DE7DD1A123ABD6D300853334 /* SceneDelegate.swift in Sources */ = {isa = PBXBuildFile; fileRef = DE7DD1A023ABD6D300853334 /* SceneDelegate.swift */; };
		DE7DD1A323ABD6D300853334 /* ViewController.swift in Sources */ = {isa = PBXBuildFile; fileRef = DE7DD1A223ABD6D300853334 /* ViewController.swift */; };
		DE7DD1A623ABD6D300853334 /* Main.storyboard in Resources */ = {isa = PBXBuildFile; fileRef = DE7DD1A423ABD6D300853334 /* Main.storyboard */; };
		DE7DD1A823ABD6D400853334 /* Assets.xcassets in Resources */ = {isa = PBXBuildFile; fileRef = DE7DD1A723ABD6D400853334 /* Assets.xcassets */; };
		DE7DD1AB23ABD6D400853334 /* LaunchScreen.storyboard in Resources */ = {isa = PBXBuildFile; fileRef = DE7DD1A923ABD6D400853334 /* LaunchScreen.storyboard */; };
		DE7DD1B323ABDCC000853334 /* StatResponse.swift in Sources */ = {isa = PBXBuildFile; fileRef = DE7DD1B223ABDCC000853334 /* StatResponse.swift */; };
		DEF7EFB123BFECED00AE9C2D /* UserNameResponse.swift in Sources */ = {isa = PBXBuildFile; fileRef = DEF7EFB023BFECED00AE9C2D /* UserNameResponse.swift */; };
		DEF7EFB323C0397A00AE9C2D /* DataHandling.swift in Sources */ = {isa = PBXBuildFile; fileRef = DEF7EFB223C0397A00AE9C2D /* DataHandling.swift */; };
/* End PBXBuildFile section */

/* Begin PBXFileReference section */
		DE7DD19B23ABD6D300853334 /* WorldOfTanksStats.app */ = {isa = PBXFileReference; explicitFileType = wrapper.application; includeInIndex = 0; path = WorldOfTanksStats.app; sourceTree = BUILT_PRODUCTS_DIR; };
		DE7DD19E23ABD6D300853334 /* AppDelegate.swift */ = {isa = PBXFileReference; lastKnownFileType = sourcecode.swift; path = AppDelegate.swift; sourceTree = "<group>"; };
		DE7DD1A023ABD6D300853334 /* SceneDelegate.swift */ = {isa = PBXFileReference; lastKnownFileType = sourcecode.swift; path = SceneDelegate.swift; sourceTree = "<group>"; };
		DE7DD1A223ABD6D300853334 /* ViewController.swift */ = {isa = PBXFileReference; lastKnownFileType = sourcecode.swift; path = ViewController.swift; sourceTree = "<group>"; };
		DE7DD1A523ABD6D300853334 /* Base */ = {isa = PBXFileReference; lastKnownFileType = file.storyboard; name = Base; path = Base.lproj/Main.storyboard; sourceTree = "<group>"; };
		DE7DD1A723ABD6D400853334 /* Assets.xcassets */ = {isa = PBXFileReference; lastKnownFileType = folder.assetcatalog; path = Assets.xcassets; sourceTree = "<group>"; };
		DE7DD1AA23ABD6D400853334 /* Base */ = {isa = PBXFileReference; lastKnownFileType = file.storyboard; name = Base; path = Base.lproj/LaunchScreen.storyboard; sourceTree = "<group>"; };
		DE7DD1AC23ABD6D400853334 /* Info.plist */ = {isa = PBXFileReference; lastKnownFileType = text.plist.xml; path = Info.plist; sourceTree = "<group>"; };
		DE7DD1B223ABDCC000853334 /* StatResponse.swift */ = {isa = PBXFileReference; lastKnownFileType = sourcecode.swift; path = StatResponse.swift; sourceTree = "<group>"; };
		DEF7EFB023BFECED00AE9C2D /* UserNameResponse.swift */ = {isa = PBXFileReference; lastKnownFileType = sourcecode.swift; path = UserNameResponse.swift; sourceTree = "<group>"; };
		DEF7EFB223C0397A00AE9C2D /* DataHandling.swift */ = {isa = PBXFileReference; lastKnownFileType = sourcecode.swift; path = DataHandling.swift; sourceTree = "<group>"; };
/* End PBXFileReference section */

/* Begin PBXFrameworksBuildPhase section */
		DE7DD19823ABD6D300853334 /* Frameworks */ = {
			isa = PBXFrameworksBuildPhase;
			buildActionMask = 2147483647;
			files = (
			);
			runOnlyForDeploymentPostprocessing = 0;
		};
/* End PBXFrameworksBuildPhase section */

/* Begin PBXGroup section */
		DE7DD19223ABD6D300853334 = {
			isa = PBXGroup;
			children = (
				DE7DD19D23ABD6D300853334 /* WorldOfTanksStats */,
				DE7DD19C23ABD6D300853334 /* Products */,
			);
			sourceTree = "<group>";
		};
		DE7DD19C23ABD6D300853334 /* Products */ = {
			isa = PBXGroup;
			children = (
				DE7DD19B23ABD6D300853334 /* WorldOfTanksStats.app */,
			);
			name = Products;
			sourceTree = "<group>";
		};
		DE7DD19D23ABD6D300853334 /* WorldOfTanksStats */ = {
			isa = PBXGroup;
			children = (
				DE7DD19E23ABD6D300853334 /* AppDelegate.swift */,
				DE7DD1A023ABD6D300853334 /* SceneDelegate.swift */,
				DE7DD1A223ABD6D300853334 /* ViewController.swift */,
				DE7DD1A423ABD6D300853334 /* Main.storyboard */,
				DE7DD1A723ABD6D400853334 /* Assets.xcassets */,
				DE7DD1A923ABD6D400853334 /* LaunchScreen.storyboard */,
				DE7DD1AC23ABD6D400853334 /* Info.plist */,
				DE7DD1B223ABDCC000853334 /* StatResponse.swift */,
				DEF7EFB023BFECED00AE9C2D /* UserNameResponse.swift */,
				DEF7EFB223C0397A00AE9C2D /* DataHandling.swift */,
			);
			path = WorldOfTanksStats;
			sourceTree = "<group>";
		};
/* End PBXGroup section */

/* Begin PBXNativeTarget section */
		DE7DD19A23ABD6D300853334 /* WorldOfTanksStats */ = {
			isa = PBXNativeTarget;
			buildConfigurationList = DE7DD1AF23ABD6D400853334 /* Build configuration list for PBXNativeTarget "WorldOfTanksStats" */;
			buildPhases = (
				DE7DD19723ABD6D300853334 /* Sources */,
				DE7DD19823ABD6D300853334 /* Frameworks */,
				DE7DD19923ABD6D300853334 /* Resources */,
			);
			buildRules = (
			);
			dependencies = (
			);
			name = WorldOfTanksStats;
			productName = WorldOfTanksStats;
			productReference = DE7DD19B23ABD6D300853334 /* WorldOfTanksStats.app */;
			productType = "com.apple.product-type.application";
		};
/* End PBXNativeTarget section */

/* Begin PBXProject section */
		DE7DD19323ABD6D300853334 /* Project object */ = {
			isa = PBXProject;
			attributes = {
				LastSwiftUpdateCheck = 1130;
				LastUpgradeCheck = 1130;
				ORGANIZATIONNAME = "Grady Vickery";
				TargetAttributes = {
					DE7DD19A23ABD6D300853334 = {
						CreatedOnToolsVersion = 11.3;
					};
				};
			};
			buildConfigurationList = DE7DD19623ABD6D300853334 /* Build configuration list for PBXProject "WorldOfTanksStats" */;
			compatibilityVersion = "Xcode 9.3";
			developmentRegion = en;
			hasScannedForEncodings = 0;
			knownRegions = (
				en,
				Base,
			);
			mainGroup = DE7DD19223ABD6D300853334;
			productRefGroup = DE7DD19C23ABD6D300853334 /* Products */;
			projectDirPath = "";
			projectRoot = "";
			targets = (
				DE7DD19A23ABD6D300853334 /* WorldOfTanksStats */,
			);
		};
/* End PBXProject section */

/* Begin PBXResourcesBuildPhase section */
		DE7DD19923ABD6D300853334 /* Resources */ = {
			isa = PBXResourcesBuildPhase;
			buildActionMask = 2147483647;
			files = (
				DE7DD1AB23ABD6D400853334 /* LaunchScreen.storyboard in Resources */,
				DE7DD1A823ABD6D400853334 /* Assets.xcassets in Resources */,
				DE7DD1A623ABD6D300853334 /* Main.storyboard in Resources */,
			);
			runOnlyForDeploymentPostprocessing = 0;
		};
/* End PBXResourcesBuildPhase section */

/* Begin PBXSourcesBuildPhase section */
		DE7DD19723ABD6D300853334 /* Sources */ = {
			isa = PBXSourcesBuildPhase;
			buildActionMask = 2147483647;
			files = (
				DEF7EFB323C0397A00AE9C2D /* DataHandling.swift in Sources */,
				DE7DD1A323ABD6D300853334 /* ViewController.swift in Sources */,
				DE7DD1B323ABDCC000853334 /* StatResponse.swift in Sources */,
				DE7DD19F23ABD6D300853334 /* AppDelegate.swift in Sources */,
				DE7DD1A123ABD6D300853334 /* SceneDelegate.swift in Sources */,
				DEF7EFB123BFECED00AE9C2D /* UserNameResponse.swift in Sources */,
			);
			runOnlyForDeploymentPostprocessing = 0;
		};
/* End PBXSourcesBuildPhase section */

/* Begin PBXVariantGroup section */
		DE7DD1A423ABD6D300853334 /* Main.storyboard */ = {
			isa = PBXVariantGroup;
			children = (
				DE7DD1A523ABD6D300853334 /* Base */,
			);
			name = Main.storyboard;
			sourceTree = "<group>";
		};
		DE7DD1A923ABD6D400853334 /* LaunchScreen.storyboard */ = {
			isa = PBXVariantGroup;
			children = (
				DE7DD1AA23ABD6D400853334 /* Base */,
			);
			name = LaunchScreen.storyboard;
			sourceTree = "<group>";
		};
/* End PBXVariantGroup section */

/* Begin XCBuildConfiguration section */
		DE7DD1AD23ABD6D400853334 /* Debug */ = {
			isa = XCBuildConfiguration;
			buildSettings = {
				ALWAYS_SEARCH_USER_PATHS = NO;
				CLANG_ANALYZER_NONNULL = YES;
				CLANG_ANALYZER_NUMBER_OBJECT_CONVERSION = YES_AGGRESSIVE;
				CLANG_CXX_LANGUAGE_STANDARD = "gnu++14";
				CLANG_CXX_LIBRARY = "libc++";
				CLANG_ENABLE_MODULES = YES;
				CLANG_ENABLE_OBJC_ARC = YES;
				CLANG_ENABLE_OBJC_WEAK = YES;
				CLANG_WARN_BLOCK_CAPTURE_AUTORELEASING = YES;
				CLANG_WARN_BOOL_CONVERSION = YES;
				CLANG_WARN_COMMA = YES;
				CLANG_WARN_CONSTANT_CONVERSION = YES;
				CLANG_WARN_DEPRECATED_OBJC_IMPLEMENTATIONS = YES;
				CLANG_WARN_DIRECT_OBJC_ISA_USAGE = YES_ERROR;
				CLANG_WARN_DOCUMENTATION_COMMENTS = YES;
				CLANG_WARN_EMPTY_BODY = YES;
				CLANG_WARN_ENUM_CONVERSION = YES;
				CLANG_WARN_INFINITE_RECURSION = YES;
				CLANG_WARN_INT_CONVERSION = YES;
				CLANG_WARN_NON_LITERAL_NULL_CONVERSION = YES;
				CLANG_WARN_OBJC_IMPLICIT_RETAIN_SELF = YES;
				CLANG_WARN_OBJC_LITERAL_CONVERSION = YES;
				CLANG_WARN_OBJC_ROOT_CLASS = YES_ERROR;
				CLANG_WARN_RANGE_LOOP_ANALYSIS = YES;
				CLANG_WARN_STRICT_PROTOTYPES = YES;
				CLANG_WARN_SUSPICIOUS_MOVE = YES;
				CLANG_WARN_UNGUARDED_AVAILABILITY = YES_AGGRESSIVE;
				CLANG_WARN_UNREACHABLE_CODE = YES;
				CLANG_WARN__DUPLICATE_METHOD_MATCH = YES;
				COPY_PHASE_STRIP = NO;
				DEBUG_INFORMATION_FORMAT = dwarf;
				ENABLE_STRICT_OBJC_MSGSEND = YES;
				ENABLE_TESTABILITY = YES;
				GCC_C_LANGUAGE_STANDARD = gnu11;
				GCC_DYNAMIC_NO_PIC = NO;
				GCC_NO_COMMON_BLOCKS = YES;
				GCC_OPTIMIZATION_LEVEL = 0;
				GCC_PREPROCESSOR_DEFINITIONS = (
					"DEBUG=1",
					"$(inherited)",
				);
				GCC_WARN_64_TO_32_BIT_CONVERSION = YES;
				GCC_WARN_ABOUT_RETURN_TYPE = YES_ERROR;
				GCC_WARN_UNDECLARED_SELECTOR = YES;
				GCC_WARN_UNINITIALIZED_AUTOS = YES_AGGRESSIVE;
				GCC_WARN_UNUSED_FUNCTION = YES;
				GCC_WARN_UNUSED_VARIABLE = YES;
				IPHONEOS_DEPLOYMENT_TARGET = 13.2;
				MTL_ENABLE_DEBUG_INFO = INCLUDE_SOURCE;
				MTL_FAST_MATH = YES;
				ONLY_ACTIVE_ARCH = YES;
				SDKROOT = iphoneos;
				SWIFT_ACTIVE_COMPILATION_CONDITIONS = DEBUG;
				SWIFT_OPTIMIZATION_LEVEL = "-Onone";
			};
			name = Debug;
		};
		DE7DD1AE23ABD6D400853334 /* Release */ = {
			isa = XCBuildConfiguration;
			buildSettings = {
				ALWAYS_SEARCH_USER_PATHS = NO;
				CLANG_ANALYZER_NONNULL = YES;
				CLANG_ANALYZER_NUMBER_OBJECT_CONVERSION = YES_AGGRESSIVE;
				CLANG_CXX_LANGUAGE_STANDARD = "gnu++14";
				CLANG_CXX_LIBRARY = "libc++";
				CLANG_ENABLE_MODULES = YES;
				CLANG_ENABLE_OBJC_ARC = YES;
				CLANG_ENABLE_OBJC_WEAK = YES;
				CLANG_WARN_BLOCK_CAPTURE_AUTORELEASING = YES;
				CLANG_WARN_BOOL_CONVERSION = YES;
				CLANG_WARN_COMMA = YES;
				CLANG_WARN_CONSTANT_CONVERSION = YES;
				CLANG_WARN_DEPRECATED_OBJC_IMPLEMENTATIONS = YES;
				CLANG_WARN_DIRECT_OBJC_ISA_USAGE = YES_ERROR;
				CLANG_WARN_DOCUMENTATION_COMMENTS = YES;
				CLANG_WARN_EMPTY_BODY = YES;
				CLANG_WARN_ENUM_CONVERSION = YES;
				CLANG_WARN_INFINITE_RECURSION = YES;
				CLANG_WARN_INT_CONVERSION = YES;
				CLANG_WARN_NON_LITERAL_NULL_CONVERSION = YES;
				CLANG_WARN_OBJC_IMPLICIT_RETAIN_SELF = YES;
				CLANG_WARN_OBJC_LITERAL_CONVERSION = YES;
				CLANG_WARN_OBJC_ROOT_CLASS = YES_ERROR;
				CLANG_WARN_RANGE_LOOP_ANALYSIS = YES;
				CLANG_WARN_STRICT_PROTOTYPES = YES;
				CLANG_WARN_SUSPICIOUS_MOVE = YES;
				CLANG_WARN_UNGUARDED_AVAILABILITY = YES_AGGRESSIVE;
				CLANG_WARN_UNREACHABLE_CODE = YES;
				CLANG_WARN__DUPLICATE_METHOD_MATCH = YES;
				COPY_PHASE_STRIP = NO;
				DEBUG_INFORMATION_FORMAT = "dwarf-with-dsym";
				ENABLE_NS_ASSERTIONS = NO;
				ENABLE_STRICT_OBJC_MSGSEND = YES;
				GCC_C_LANGUAGE_STANDARD = gnu11;
				GCC_NO_COMMON_BLOCKS = YES;
				GCC_WARN_64_TO_32_BIT_CONVERSION = YES;
				GCC_WARN_ABOUT_RETURN_TYPE = YES_ERROR;
				GCC_WARN_UNDECLARED_SELECTOR = YES;
				GCC_WARN_UNINITIALIZED_AUTOS = YES_AGGRESSIVE;
				GCC_WARN_UNUSED_FUNCTION = YES;
				GCC_WARN_UNUSED_VARIABLE = YES;
				IPHONEOS_DEPLOYMENT_TARGET = 13.2;
				MTL_ENABLE_DEBUG_INFO = NO;
				MTL_FAST_MATH = YES;
				SDKROOT = iphoneos;
				SWIFT_COMPILATION_MODE = wholemodule;
				SWIFT_OPTIMIZATION_LEVEL = "-O";
				VALIDATE_PRODUCT = YES;
			};
			name = Release;
		};
		DE7DD1B023ABD6D400853334 /* Debug */ = {
			isa = XCBuildConfiguration;
			buildSettings = {
				ASSETCATALOG_COMPILER_APPICON_NAME = AppIcon;
				CODE_SIGN_STYLE = Automatic;
				DEVELOPMENT_TEAM = C7A99665E6;
				INFOPLIST_FILE = WorldOfTanksStats/Info.plist;
				LD_RUNPATH_SEARCH_PATHS = (
					"$(inherited)",
					"@executable_path/Frameworks",
				);
				PRODUCT_BUNDLE_IDENTIFIER = GradyV.WorldOfTanksStats;
				PRODUCT_NAME = "$(TARGET_NAME)";
				SWIFT_VERSION = 5.0;
				TARGETED_DEVICE_FAMILY = "1,2";
			};
			name = Debug;
		};
		DE7DD1B123ABD6D400853334 /* Release */ = {
			isa = XCBuildConfiguration;
			buildSettings = {
				ASSETCATALOG_COMPILER_APPICON_NAME = AppIcon;
				CODE_SIGN_STYLE = Automatic;
				DEVELOPMENT_TEAM = C7A99665E6;
				INFOPLIST_FILE = WorldOfTanksStats/Info.plist;
				LD_RUNPATH_SEARCH_PATHS = (
					"$(inherited)",
					"@executable_path/Frameworks",
				);
				PRODUCT_BUNDLE_IDENTIFIER = GradyV.WorldOfTanksStats;
				PRODUCT_NAME = "$(TARGET_NAME)";
				SWIFT_VERSION = 5.0;
				TARGETED_DEVICE_FAMILY = "1,2";
			};
			name = Release;
		};
/* End XCBuildConfiguration section */

/* Begin XCConfigurationList section */
		DE7DD19623ABD6D300853334 /* Build configuration list for PBXProject "WorldOfTanksStats" */ = {
			isa = XCConfigurationList;
			buildConfigurations = (
				DE7DD1AD23ABD6D400853334 /* Debug */,
				DE7DD1AE23ABD6D400853334 /* Release */,
			);
			defaultConfigurationIsVisible = 0;
			defaultConfigurationName = Release;
		};
		DE7DD1AF23ABD6D400853334 /* Build configuration list for PBXNativeTarget "WorldOfTanksStats" */ = {
			isa = XCConfigurationList;
			buildConfigurations = (
				DE7DD1B023ABD6D400853334 /* Debug */,
				DE7DD1B123ABD6D400853334 /* Release */,
			);
			defaultConfigurationIsVisible = 0;
			defaultConfigurationName = Release;
		};
/* End XCConfigurationList section */
	};
	rootObject = DE7DD19323ABD6D300853334 /* Project object */;
}
